
Microsoft Visual Studio Solution File, Format Version 12.00
# Visual Studio Version 17
VisualStudioVersion = 17.9.34607.119
MinimumVisualStudioVersion = 10.0.40219.1
Project("{9A19103F-16F7-4668-BE54-9A1E7A4F7556}") = "HighwayToPeak", "HighwayToPeak.csproj", "{20354CBB-A52D-47BC-84C0-B809A1CE4C0E}"
EndProject
Global
	GlobalSection(SolutionConfigurationPlatforms) = preSolution
		Debug|Any CPU = Debug|Any CPU
		Release|Any CPU = Release|Any CPU
	EndGlobalSection
	GlobalSection(ProjectConfigurationPlatforms) = postSolution
		{20354CBB-A52D-47BC-84C0-B809A1CE4C0E}.Debug|Any CPU.ActiveCfg = Debug|Any CPU
		{20354CBB-A52D-47BC-84C0-B809A1CE4C0E}.Debug|Any CPU.Build.0 = Debug|Any CPU
		{20354CBB-A52D-47BC-84C0-B809A1CE4C0E}.Release|Any CPU.ActiveCfg = Release|Any CPU
		{20354CBB-A52D-47BC-84C0-B809A1CE4C0E}.Release|Any CPU.Build.0 = Release|Any CPU
	EndGlobalSection
	GlobalSection(SolutionProperties) = preSolution
		HideSolutionNode = FALSE
	EndGlobalSection
	GlobalSection(ExtensibilityGlobals) = postSolution
		SolutionGuid = {E32EBD12-BB4A-464D-BBB8-4237C7EF014D}
	EndGlobalSection
EndGlobal
