
Microsoft Visual Studio Solution File, Format Version 12.00
# Visual Studio Version 17
VisualStudioVersion = 17.8.34408.163
MinimumVisualStudioVersion = 10.0.40219.1
Project("{9A19103F-16F7-4668-BE54-9A1E7A4F7556}") = "GroceriesManagement", "GroceriesManagement.csproj", "{64B8C802-BFB1-4C6F-9ACF-27B8CDD2576C}"
EndProject
Global
	GlobalSection(SolutionConfigurationPlatforms) = preSolution
		Debug|Any CPU = Debug|Any CPU
		Release|Any CPU = Release|Any CPU
	EndGlobalSection
	GlobalSection(ProjectConfigurationPlatforms) = postSolution
		{64B8C802-BFB1-4C6F-9ACF-27B8CDD2576C}.Debug|Any CPU.ActiveCfg = Debug|Any CPU
		{64B8C802-BFB1-4C6F-9ACF-27B8CDD2576C}.Debug|Any CPU.Build.0 = Debug|Any CPU
		{64B8C802-BFB1-4C6F-9ACF-27B8CDD2576C}.Release|Any CPU.ActiveCfg = Release|Any CPU
		{64B8C802-BFB1-4C6F-9ACF-27B8CDD2576C}.Release|Any CPU.Build.0 = Release|Any CPU
	EndGlobalSection
	GlobalSection(SolutionProperties) = preSolution
		HideSolutionNode = FALSE
	EndGlobalSection
	GlobalSection(ExtensibilityGlobals) = postSolution
		SolutionGuid = {7115485A-2477-43C0-8C95-F5D777B24921}
	EndGlobalSection
EndGlobal
