
Microsoft Visual Studio Solution File, Format Version 12.00
# Visual Studio Version 17
VisualStudioVersion = 17.9.34723.18
MinimumVisualStudioVersion = 10.0.40219.1
Project("{9A19103F-16F7-4668-BE54-9A1E7A4F7556}") = "DeskMarket", "DeskMarket.csproj", "{36BC1BEB-90DA-4409-989D-0CEB35D7FAEC}"
EndProject
Global
	GlobalSection(SolutionConfigurationPlatforms) = preSolution
		Debug|Any CPU = Debug|Any CPU
		Release|Any CPU = Release|Any CPU
	EndGlobalSection
	GlobalSection(ProjectConfigurationPlatforms) = postSolution
		{36BC1BEB-90DA-4409-989D-0CEB35D7FAEC}.Debug|Any CPU.ActiveCfg = Debug|Any CPU
		{36BC1BEB-90DA-4409-989D-0CEB35D7FAEC}.Debug|Any CPU.Build.0 = Debug|Any CPU
		{36BC1BEB-90DA-4409-989D-0CEB35D7FAEC}.Release|Any CPU.ActiveCfg = Release|Any CPU
		{36BC1BEB-90DA-4409-989D-0CEB35D7FAEC}.Release|Any CPU.Build.0 = Release|Any CPU
	EndGlobalSection
	GlobalSection(SolutionProperties) = preSolution
		HideSolutionNode = FALSE
	EndGlobalSection
	GlobalSection(ExtensibilityGlobals) = postSolution
		SolutionGuid = {E348AC65-7834-4ADA-8586-877179A078F6}
	EndGlobalSection
EndGlobal
