
Microsoft Visual Studio Solution File, Format Version 12.00
# Visual Studio Version 17
VisualStudioVersion = 17.8.34408.163
MinimumVisualStudioVersion = 10.0.40219.1
Project("{9A19103F-16F7-4668-BE54-9A1E7A4F7556}") = "CommandPattern", "CommandPattern.csproj", "{C6E820CE-AC46-49FB-A86C-8CE02B655C27}"
EndProject
Global
	GlobalSection(SolutionConfigurationPlatforms) = preSolution
		Debug|Any CPU = Debug|Any CPU
		Release|Any CPU = Release|Any CPU
	EndGlobalSection
	GlobalSection(ProjectConfigurationPlatforms) = postSolution
		{C6E820CE-AC46-49FB-A86C-8CE02B655C27}.Debug|Any CPU.ActiveCfg = Debug|Any CPU
		{C6E820CE-AC46-49FB-A86C-8CE02B655C27}.Debug|Any CPU.Build.0 = Debug|Any CPU
		{C6E820CE-AC46-49FB-A86C-8CE02B655C27}.Release|Any CPU.ActiveCfg = Release|Any CPU
		{C6E820CE-AC46-49FB-A86C-8CE02B655C27}.Release|Any CPU.Build.0 = Release|Any CPU
	EndGlobalSection
	GlobalSection(SolutionProperties) = preSolution
		HideSolutionNode = FALSE
	EndGlobalSection
	GlobalSection(ExtensibilityGlobals) = postSolution
		SolutionGuid = {59FA49B9-0CC7-4426-9631-ADC6C97FAB3A}
	EndGlobalSection
EndGlobal
